PODS:
  - Alamofire (5.0.0-rc.3)
  - IQKeyboardManagerSwift (6.5.4)
  - KeychainSwift (17.0.0)
  - Kingfisher (5.11.0):
    - Kingfisher/Core (= 5.11.0)
  - Kingfisher/Core (5.11.0)

DEPENDENCIES:
  - Alamofire (~> 5.0.0-rc.3)
  - IQKeyboardManagerSwift
  - KeychainSwift (~> 17.0)
  - Kingfisher (~> 5.0)

SPEC REPOS:
  trunk:
    - Alamofire
    - IQKeyboardManagerSwift
    - KeychainSwift
    - Kingfisher

SPEC CHECKSUMS:
  Alamofire: ca8c0de6906873be89d6deec5c8de279e00bf872
  IQKeyboardManagerSwift: 2dde0fc70110e8eac7ccce2a46fdbec6a850b414
  KeychainSwift: 9f43f562dffc88af6efadb57d74b14c598eb337f
  Kingfisher: 4569606189149e19c7d9439f47e885d0679b7a90

PODFILE CHECKSUM: 9db2516a072152e8622b16d350455f9a04968fd5

COCOAPODS: 1.8.3
