// !$*UTF8*$!
{
	archiveVersion = 1;
	classes = {
	};
	objectVersion = 51;
	objects = {

/* Begin PBXBuildFile section */
		54A69674D6E2689A3387D271 /* Pods_PiedPipers.framework in Frameworks */ = {isa = PBXBuildFile; fileRef = AFF1BC005050C460CD36563D /* Pods_PiedPipers.framework */; };
		63335AD1236C9A6E00F8CC8F /* StoreManager.swift in Sources */ = {isa = PBXBuildFile; fileRef = 63335AD0236C9A6E00F8CC8F /* StoreManager.swift */; };
		63335AD3236CBF4200F8CC8F /* Profile.swift in Sources */ = {isa = PBXBuildFile; fileRef = 63335AD2236CBF4200F8CC8F /* Profile.swift */; };
		63335AD5236CBF8500F8CC8F /* APIConstants.swift in Sources */ = {isa = PBXBuildFile; fileRef = 63335AD4236CBF8500F8CC8F /* APIConstants.swift */; };
		63335AD7236CC69A00F8CC8F /* ProfileRequests.swift in Sources */ = {isa = PBXBuildFile; fileRef = 63335AD6236CC69A00F8CC8F /* ProfileRequests.swift */; };
		63335AD9236CDF9F00F8CC8F /* RequestsTests.swift in Sources */ = {isa = PBXBuildFile; fileRef = 63335AD8236CDF9F00F8CC8F /* RequestsTests.swift */; };
		63378A0B2380A6A3000C7751 /* SearchRequests.swift in Sources */ = {isa = PBXBuildFile; fileRef = 63378A0A2380A6A3000C7751 /* SearchRequests.swift */; };
		63378A0D2381BF94000C7751 /* Lists.swift in Sources */ = {isa = PBXBuildFile; fileRef = 63378A0C2381BF94000C7751 /* Lists.swift */; };
		63378A0F2381C103000C7751 /* Local.swift in Sources */ = {isa = PBXBuildFile; fileRef = 63378A0E2381C103000C7751 /* Local.swift */; };
		63378A112381C1E7000C7751 /* Location.swift in Sources */ = {isa = PBXBuildFile; fileRef = 63378A102381C1E7000C7751 /* Location.swift */; };
		63378A132381C236000C7751 /* Contact.swift in Sources */ = {isa = PBXBuildFile; fileRef = 63378A122381C236000C7751 /* Contact.swift */; };
		63378A162381CB74000C7751 /* Utilities.swift in Sources */ = {isa = PBXBuildFile; fileRef = 63378A152381CB74000C7751 /* Utilities.swift */; };
		634126F123835DF300B7B45F /* Video.swift in Sources */ = {isa = PBXBuildFile; fileRef = 634126F023835DF300B7B45F /* Video.swift */; };
		6348F6982392F24E005AA01B /* LoginViewController.xib in Resources */ = {isa = PBXBuildFile; fileRef = 6348F6842392F24D005AA01B /* LoginViewController.xib */; };
		6348F6992392F24E005AA01B /* LoginViewController.swift in Sources */ = {isa = PBXBuildFile; fileRef = 6348F6852392F24D005AA01B /* LoginViewController.swift */; };
		6348F69A2392F24E005AA01B /* ProfilePresenter.swift in Sources */ = {isa = PBXBuildFile; fileRef = 6348F6882392F24D005AA01B /* ProfilePresenter.swift */; };
		6348F69B2392F24E005AA01B /* ProfilePresentable.swift in Sources */ = {isa = PBXBuildFile; fileRef = 6348F6892392F24D005AA01B /* ProfilePresentable.swift */; };
		6348F69C2392F24E005AA01B /* InstrumentCollectionViewCell.swift in Sources */ = {isa = PBXBuildFile; fileRef = 6348F68C2392F24D005AA01B /* InstrumentCollectionViewCell.swift */; };
		6348F69D2392F24E005AA01B /* VideoCollectionViewCell.xib in Resources */ = {isa = PBXBuildFile; fileRef = 6348F68D2392F24D005AA01B /* VideoCollectionViewCell.xib */; };
		6348F69E2392F24E005AA01B /* VideoCollectionViewCell.swift in Sources */ = {isa = PBXBuildFile; fileRef = 6348F68E2392F24D005AA01B /* VideoCollectionViewCell.swift */; };
		6348F69F2392F24E005AA01B /* InstrumentCollectionViewCell.xib in Resources */ = {isa = PBXBuildFile; fileRef = 6348F68F2392F24E005AA01B /* InstrumentCollectionViewCell.xib */; };
		6348F6A02392F24E005AA01B /* ProfileViewController.xib in Resources */ = {isa = PBXBuildFile; fileRef = 6348F6902392F24E005AA01B /* ProfileViewController.xib */; };
		6348F6A12392F24E005AA01B /* ProfileViewController.swift in Sources */ = {isa = PBXBuildFile; fileRef = 6348F6912392F24E005AA01B /* ProfileViewController.swift */; };
		6348F6A22392F24E005AA01B /* ProfileProtocols.swift in Sources */ = {isa = PBXBuildFile; fileRef = 6348F6932392F24E005AA01B /* ProfileProtocols.swift */; };
		6348F6A32392F24E005AA01B /* HomeViewController.xib in Resources */ = {isa = PBXBuildFile; fileRef = 6348F6962392F24E005AA01B /* HomeViewController.xib */; };
		6348F6A42392F24E005AA01B /* HomeViewController.swift in Sources */ = {isa = PBXBuildFile; fileRef = 6348F6972392F24E005AA01B /* HomeViewController.swift */; };
		6348F6B02392F2D6005AA01B /* SF-Compact-Rounded-Medium.otf in Resources */ = {isa = PBXBuildFile; fileRef = 6348F6A72392F2D6005AA01B /* SF-Compact-Rounded-Medium.otf */; };
		6348F6B12392F2D6005AA01B /* SF-Compact-Rounded-Heavy.otf in Resources */ = {isa = PBXBuildFile; fileRef = 6348F6A82392F2D6005AA01B /* SF-Compact-Rounded-Heavy.otf */; };
		6348F6B22392F2D6005AA01B /* SF-Compact-Rounded-Light.otf in Resources */ = {isa = PBXBuildFile; fileRef = 6348F6A92392F2D6005AA01B /* SF-Compact-Rounded-Light.otf */; };
		6348F6B32392F2D6005AA01B /* SF-Compact-Rounded-Regular.otf in Resources */ = {isa = PBXBuildFile; fileRef = 6348F6AA2392F2D6005AA01B /* SF-Compact-Rounded-Regular.otf */; };
		6348F6B42392F2D6005AA01B /* SF-Compact-Rounded-Ultralight.otf in Resources */ = {isa = PBXBuildFile; fileRef = 6348F6AB2392F2D6005AA01B /* SF-Compact-Rounded-Ultralight.otf */; };
		6348F6B52392F2D6005AA01B /* SF-Compact-Rounded-Semibold.otf in Resources */ = {isa = PBXBuildFile; fileRef = 6348F6AC2392F2D6005AA01B /* SF-Compact-Rounded-Semibold.otf */; };
		6348F6B62392F2D6005AA01B /* SF-Compact-Rounded-Black.otf in Resources */ = {isa = PBXBuildFile; fileRef = 6348F6AD2392F2D6005AA01B /* SF-Compact-Rounded-Black.otf */; };
		6348F6B72392F2D6005AA01B /* SF-Compact-Rounded-Bold.otf in Resources */ = {isa = PBXBuildFile; fileRef = 6348F6AE2392F2D6005AA01B /* SF-Compact-Rounded-Bold.otf */; };
		6348F6B82392F2D6005AA01B /* SF-Compact-Rounded-Thin.otf in Resources */ = {isa = PBXBuildFile; fileRef = 6348F6AF2392F2D6005AA01B /* SF-Compact-Rounded-Thin.otf */; };
		6348F6BB2392F331005AA01B /* Assembly.swift in Sources */ = {isa = PBXBuildFile; fileRef = 6348F6BA2392F331005AA01B /* Assembly.swift */; };
		6348F6BD2392F454005AA01B /* UIButton+ShadowsAndCornerRadius.swift in Sources */ = {isa = PBXBuildFile; fileRef = 6348F6BC2392F454005AA01B /* UIButton+ShadowsAndCornerRadius.swift */; };
		639650C12396E5EE0063C5DB /* AvailableInstruments.swift in Sources */ = {isa = PBXBuildFile; fileRef = 639650C02396E5EE0063C5DB /* AvailableInstruments.swift */; };
		63DC5C8723A6D75900895038 /* LocalCustomCell.swift in Sources */ = {isa = PBXBuildFile; fileRef = 63DC5C7723A6D75900895038 /* LocalCustomCell.swift */; };
		63DC5C8823A6D75900895038 /* ProfileCustomCell.swift in Sources */ = {isa = PBXBuildFile; fileRef = 63DC5C7823A6D75900895038 /* ProfileCustomCell.swift */; };
		63DC5C8923A6D75900895038 /* BasePiperCustomCell.swift in Sources */ = {isa = PBXBuildFile; fileRef = 63DC5C7923A6D75900895038 /* BasePiperCustomCell.swift */; };
		63DC5C8A23A6D75900895038 /* SearchViewController.swift in Sources */ = {isa = PBXBuildFile; fileRef = 63DC5C7A23A6D75900895038 /* SearchViewController.swift */; };
		63DC5C8B23A6D75900895038 /* SearchViewPresenter.swift in Sources */ = {isa = PBXBuildFile; fileRef = 63DC5C7C23A6D75900895038 /* SearchViewPresenter.swift */; };
		63DC5C8C23A6D75900895038 /* FiltersViewPresenter.swift in Sources */ = {isa = PBXBuildFile; fileRef = 63DC5C7D23A6D75900895038 /* FiltersViewPresenter.swift */; };
		63DC5C8D23A6D75900895038 /* SearchViewPresentables.swift in Sources */ = {isa = PBXBuildFile; fileRef = 63DC5C7E23A6D75900895038 /* SearchViewPresentables.swift */; };
		63DC5C8E23A6D75900895038 /* ProfileFiltersViewController.swift in Sources */ = {isa = PBXBuildFile; fileRef = 63DC5C7F23A6D75900895038 /* ProfileFiltersViewController.swift */; };
		63DC5C8F23A6D75900895038 /* SearchTextField.swift in Sources */ = {isa = PBXBuildFile; fileRef = 63DC5C8123A6D75900895038 /* SearchTextField.swift */; };
		63DC5C9023A6D75900895038 /* FilterButton.swift in Sources */ = {isa = PBXBuildFile; fileRef = 63DC5C8223A6D75900895038 /* FilterButton.swift */; };
		63DC5C9123A6D75900895038 /* LoadingView.swift in Sources */ = {isa = PBXBuildFile; fileRef = 63DC5C8323A6D75900895038 /* LoadingView.swift */; };
		63DC5C9223A6D75900895038 /* NotFoundView.swift in Sources */ = {isa = PBXBuildFile; fileRef = 63DC5C8423A6D75900895038 /* NotFoundView.swift */; };
		63DC5C9323A6D75900895038 /* SearchInstrumentPickerViewController.swift in Sources */ = {isa = PBXBuildFile; fileRef = 63DC5C8523A6D75900895038 /* SearchInstrumentPickerViewController.swift */; };
		63DC5C9423A6D75900895038 /* TopView.swift in Sources */ = {isa = PBXBuildFile; fileRef = 63DC5C8623A6D75900895038 /* TopView.swift */; };
		63DC5C9623A7FC5400895038 /* NotificationRequests.swift in Sources */ = {isa = PBXBuildFile; fileRef = 63DC5C9523A7FC5400895038 /* NotificationRequests.swift */; };
		63DC5C9823A7FE2800895038 /* Notification.swift in Sources */ = {isa = PBXBuildFile; fileRef = 63DC5C9723A7FE2800895038 /* Notification.swift */; };
		63DC5C9A23A953B300895038 /* NotificationTypes.swift in Sources */ = {isa = PBXBuildFile; fileRef = 63DC5C9923A953B300895038 /* NotificationTypes.swift */; };
		63DC5C9C23AAAE2200895038 /* LocalRequests.swift in Sources */ = {isa = PBXBuildFile; fileRef = 63DC5C9B23AAAE2200895038 /* LocalRequests.swift */; };
		63E265AE236B6400007FEA74 /* ApiSession.swift in Sources */ = {isa = PBXBuildFile; fileRef = 63E265AB236B6400007FEA74 /* ApiSession.swift */; };
		63E265AF236B6400007FEA74 /* ApiRequest.swift in Sources */ = {isa = PBXBuildFile; fileRef = 63E265AC236B6400007FEA74 /* ApiRequest.swift */; };
		63E265B0236B6400007FEA74 /* APIError.swift in Sources */ = {isa = PBXBuildFile; fileRef = 63E265AD236B6400007FEA74 /* APIError.swift */; };
		63E265B2236B64DD007FEA74 /* APIErrorCodes.swift in Sources */ = {isa = PBXBuildFile; fileRef = 63E265B1236B64DD007FEA74 /* APIErrorCodes.swift */; };
		63E265B5236B738D007FEA74 /* UserRequests.swift in Sources */ = {isa = PBXBuildFile; fileRef = 63E265B4236B738D007FEA74 /* UserRequests.swift */; };
		63E265B7236B73C0007FEA74 /* User.swift in Sources */ = {isa = PBXBuildFile; fileRef = 63E265B6236B73C0007FEA74 /* User.swift */; };
		63EF8F0E23A503D100E518A4 /* ImageLoader.swift in Sources */ = {isa = PBXBuildFile; fileRef = 63EF8F0D23A503D100E518A4 /* ImageLoader.swift */; };
		63F4E7FB2368E04700C52D47 /* AppDelegate.swift in Sources */ = {isa = PBXBuildFile; fileRef = 63F4E7FA2368E04700C52D47 /* AppDelegate.swift */; };
		63F4E7FD2368E04700C52D47 /* SceneDelegate.swift in Sources */ = {isa = PBXBuildFile; fileRef = 63F4E7FC2368E04700C52D47 /* SceneDelegate.swift */; };
		63F4E7FF2368E04700C52D47 /* ViewController.swift in Sources */ = {isa = PBXBuildFile; fileRef = 63F4E7FE2368E04700C52D47 /* ViewController.swift */; };
		63F4E8022368E04700C52D47 /* Main.storyboard in Resources */ = {isa = PBXBuildFile; fileRef = 63F4E8002368E04700C52D47 /* Main.storyboard */; };
		63F4E8042368E04A00C52D47 /* Assets.xcassets in Resources */ = {isa = PBXBuildFile; fileRef = 63F4E8032368E04A00C52D47 /* Assets.xcassets */; };
		63F4E8072368E04A00C52D47 /* LaunchScreen.storyboard in Resources */ = {isa = PBXBuildFile; fileRef = 63F4E8052368E04A00C52D47 /* LaunchScreen.storyboard */; };
		63F4E8122368E04A00C52D47 /* PiedPipersTests.swift in Sources */ = {isa = PBXBuildFile; fileRef = 63F4E8112368E04A00C52D47 /* PiedPipersTests.swift */; };
		63F57C372373660700C59F9E /* Repository.swift in Sources */ = {isa = PBXBuildFile; fileRef = 63F57C362373660700C59F9E /* Repository.swift */; };
		A3E7EE7450DE3CEA8023F0B2 /* Pods_PiedPipersTests.framework in Frameworks */ = {isa = PBXBuildFile; fileRef = 33F0D6D30771D11ED6AE142F /* Pods_PiedPipersTests.framework */; };
		AC05E25923A19CE4003F7869 /* NotificationsViewController.swift in Sources */ = {isa = PBXBuildFile; fileRef = AC05E25723A19CE4003F7869 /* NotificationsViewController.swift */; };
		AC05E25A23A19CE4003F7869 /* NotificationsViewController.xib in Resources */ = {isa = PBXBuildFile; fileRef = AC05E25823A19CE4003F7869 /* NotificationsViewController.xib */; };
		AC05E25E23A1A2F4003F7869 /* NotificationsTableViewCell.swift in Sources */ = {isa = PBXBuildFile; fileRef = AC05E25C23A1A2F4003F7869 /* NotificationsTableViewCell.swift */; };
		AC05E25F23A1A2F4003F7869 /* NotificationsTableViewCell.xib in Resources */ = {isa = PBXBuildFile; fileRef = AC05E25D23A1A2F4003F7869 /* NotificationsTableViewCell.xib */; };
		AC88CF34239842B40082F64D /* InstrumentsPickerViewController.swift in Sources */ = {isa = PBXBuildFile; fileRef = AC88CF32239842B40082F64D /* InstrumentsPickerViewController.swift */; };
		AC88CF35239842B40082F64D /* InstrumentsPickerViewController.xib in Resources */ = {isa = PBXBuildFile; fileRef = AC88CF33239842B40082F64D /* InstrumentsPickerViewController.xib */; };
		AC9193552393FEF9000CA28E /* LoginPresenter.swift in Sources */ = {isa = PBXBuildFile; fileRef = AC9193542393FEF9000CA28E /* LoginPresenter.swift */; };
		AC91935823940065000CA28E /* LoginProtocols.swift in Sources */ = {isa = PBXBuildFile; fileRef = AC91935723940065000CA28E /* LoginProtocols.swift */; };
		AC91935A23943286000CA28E /* String+IsValidEmail.swift in Sources */ = {isa = PBXBuildFile; fileRef = AC91935923943286000CA28E /* String+IsValidEmail.swift */; };
		ACB3B50923A1B5F60037D9C7 /* NotificationCellPresentable.swift in Sources */ = {isa = PBXBuildFile; fileRef = ACB3B50823A1B5F60037D9C7 /* NotificationCellPresentable.swift */; };
		ACB3B50B23A2CCB50037D9C7 /* NotificationsPresenter.swift in Sources */ = {isa = PBXBuildFile; fileRef = ACB3B50A23A2CCB50037D9C7 /* NotificationsPresenter.swift */; };
		ACB3B50E23A2D4380037D9C7 /* NotificationsProtocols.swift in Sources */ = {isa = PBXBuildFile; fileRef = ACB3B50D23A2D4380037D9C7 /* NotificationsProtocols.swift */; };
/* End PBXBuildFile section */

/* Begin PBXContainerItemProxy section */
		63F4E80E2368E04A00C52D47 /* PBXContainerItemProxy */ = {
			isa = PBXContainerItemProxy;
			containerPortal = 63F4E7EF2368E04700C52D47 /* Project object */;
			proxyType = 1;
			remoteGlobalIDString = 63F4E7F62368E04700C52D47;
			remoteInfo = PiedPipers;
		};
/* End PBXContainerItemProxy section */

/* Begin PBXFileReference section */
		33F0D6D30771D11ED6AE142F /* Pods_PiedPipersTests.framework */ = {isa = PBXFileReference; explicitFileType = wrapper.framework; includeInIndex = 0; path = Pods_PiedPipersTests.framework; sourceTree = BUILT_PRODUCTS_DIR; };
		63335AD0236C9A6E00F8CC8F /* StoreManager.swift */ = {isa = PBXFileReference; lastKnownFileType = sourcecode.swift; path = StoreManager.swift; sourceTree = "<group>"; };
		63335AD2236CBF4200F8CC8F /* Profile.swift */ = {isa = PBXFileReference; lastKnownFileType = sourcecode.swift; path = Profile.swift; sourceTree = "<group>"; };
		63335AD4236CBF8500F8CC8F /* APIConstants.swift */ = {isa = PBXFileReference; lastKnownFileType = sourcecode.swift; path = APIConstants.swift; sourceTree = "<group>"; };
		63335AD6236CC69A00F8CC8F /* ProfileRequests.swift */ = {isa = PBXFileReference; lastKnownFileType = sourcecode.swift; path = ProfileRequests.swift; sourceTree = "<group>"; };
		63335AD8236CDF9F00F8CC8F /* RequestsTests.swift */ = {isa = PBXFileReference; lastKnownFileType = sourcecode.swift; path = RequestsTests.swift; sourceTree = "<group>"; };
		63378A0A2380A6A3000C7751 /* SearchRequests.swift */ = {isa = PBXFileReference; lastKnownFileType = sourcecode.swift; path = SearchRequests.swift; sourceTree = "<group>"; };
		63378A0C2381BF94000C7751 /* Lists.swift */ = {isa = PBXFileReference; lastKnownFileType = sourcecode.swift; path = Lists.swift; sourceTree = "<group>"; };
		63378A0E2381C103000C7751 /* Local.swift */ = {isa = PBXFileReference; lastKnownFileType = sourcecode.swift; path = Local.swift; sourceTree = "<group>"; };
		63378A102381C1E7000C7751 /* Location.swift */ = {isa = PBXFileReference; lastKnownFileType = sourcecode.swift; path = Location.swift; sourceTree = "<group>"; };
		63378A122381C236000C7751 /* Contact.swift */ = {isa = PBXFileReference; lastKnownFileType = sourcecode.swift; path = Contact.swift; sourceTree = "<group>"; };
		63378A152381CB74000C7751 /* Utilities.swift */ = {isa = PBXFileReference; lastKnownFileType = sourcecode.swift; path = Utilities.swift; sourceTree = "<group>"; };
		634126F023835DF300B7B45F /* Video.swift */ = {isa = PBXFileReference; lastKnownFileType = sourcecode.swift; path = Video.swift; sourceTree = "<group>"; };
		6348F6842392F24D005AA01B /* LoginViewController.xib */ = {isa = PBXFileReference; fileEncoding = 4; lastKnownFileType = file.xib; path = LoginViewController.xib; sourceTree = "<group>"; };
		6348F6852392F24D005AA01B /* LoginViewController.swift */ = {isa = PBXFileReference; fileEncoding = 4; lastKnownFileType = sourcecode.swift; path = LoginViewController.swift; sourceTree = "<group>"; };
		6348F6882392F24D005AA01B /* ProfilePresenter.swift */ = {isa = PBXFileReference; fileEncoding = 4; lastKnownFileType = sourcecode.swift; path = ProfilePresenter.swift; sourceTree = "<group>"; };
		6348F6892392F24D005AA01B /* ProfilePresentable.swift */ = {isa = PBXFileReference; fileEncoding = 4; lastKnownFileType = sourcecode.swift; path = ProfilePresentable.swift; sourceTree = "<group>"; };
		6348F68C2392F24D005AA01B /* InstrumentCollectionViewCell.swift */ = {isa = PBXFileReference; fileEncoding = 4; lastKnownFileType = sourcecode.swift; path = InstrumentCollectionViewCell.swift; sourceTree = "<group>"; };
		6348F68D2392F24D005AA01B /* VideoCollectionViewCell.xib */ = {isa = PBXFileReference; fileEncoding = 4; lastKnownFileType = file.xib; path = VideoCollectionViewCell.xib; sourceTree = "<group>"; };
		6348F68E2392F24D005AA01B /* VideoCollectionViewCell.swift */ = {isa = PBXFileReference; fileEncoding = 4; lastKnownFileType = sourcecode.swift; path = VideoCollectionViewCell.swift; sourceTree = "<group>"; };
		6348F68F2392F24E005AA01B /* InstrumentCollectionViewCell.xib */ = {isa = PBXFileReference; fileEncoding = 4; lastKnownFileType = file.xib; path = InstrumentCollectionViewCell.xib; sourceTree = "<group>"; };
		6348F6902392F24E005AA01B /* ProfileViewController.xib */ = {isa = PBXFileReference; fileEncoding = 4; lastKnownFileType = file.xib; path = ProfileViewController.xib; sourceTree = "<group>"; };
		6348F6912392F24E005AA01B /* ProfileViewController.swift */ = {isa = PBXFileReference; fileEncoding = 4; lastKnownFileType = sourcecode.swift; path = ProfileViewController.swift; sourceTree = "<group>"; };
		6348F6932392F24E005AA01B /* ProfileProtocols.swift */ = {isa = PBXFileReference; fileEncoding = 4; lastKnownFileType = sourcecode.swift; path = ProfileProtocols.swift; sourceTree = "<group>"; };
		6348F6962392F24E005AA01B /* HomeViewController.xib */ = {isa = PBXFileReference; fileEncoding = 4; lastKnownFileType = file.xib; path = HomeViewController.xib; sourceTree = "<group>"; };
		6348F6972392F24E005AA01B /* HomeViewController.swift */ = {isa = PBXFileReference; fileEncoding = 4; lastKnownFileType = sourcecode.swift; path = HomeViewController.swift; sourceTree = "<group>"; };
		6348F6A72392F2D6005AA01B /* SF-Compact-Rounded-Medium.otf */ = {isa = PBXFileReference; lastKnownFileType = file; path = "SF-Compact-Rounded-Medium.otf"; sourceTree = "<group>"; };
		6348F6A82392F2D6005AA01B /* SF-Compact-Rounded-Heavy.otf */ = {isa = PBXFileReference; lastKnownFileType = file; path = "SF-Compact-Rounded-Heavy.otf"; sourceTree = "<group>"; };
		6348F6A92392F2D6005AA01B /* SF-Compact-Rounded-Light.otf */ = {isa = PBXFileReference; lastKnownFileType = file; path = "SF-Compact-Rounded-Light.otf"; sourceTree = "<group>"; };
		6348F6AA2392F2D6005AA01B /* SF-Compact-Rounded-Regular.otf */ = {isa = PBXFileReference; lastKnownFileType = file; path = "SF-Compact-Rounded-Regular.otf"; sourceTree = "<group>"; };
		6348F6AB2392F2D6005AA01B /* SF-Compact-Rounded-Ultralight.otf */ = {isa = PBXFileReference; lastKnownFileType = file; path = "SF-Compact-Rounded-Ultralight.otf"; sourceTree = "<group>"; };
		6348F6AC2392F2D6005AA01B /* SF-Compact-Rounded-Semibold.otf */ = {isa = PBXFileReference; lastKnownFileType = file; path = "SF-Compact-Rounded-Semibold.otf"; sourceTree = "<group>"; };
		6348F6AD2392F2D6005AA01B /* SF-Compact-Rounded-Black.otf */ = {isa = PBXFileReference; lastKnownFileType = file; path = "SF-Compact-Rounded-Black.otf"; sourceTree = "<group>"; };
		6348F6AE2392F2D6005AA01B /* SF-Compact-Rounded-Bold.otf */ = {isa = PBXFileReference; lastKnownFileType = file; path = "SF-Compact-Rounded-Bold.otf"; sourceTree = "<group>"; };
		6348F6AF2392F2D6005AA01B /* SF-Compact-Rounded-Thin.otf */ = {isa = PBXFileReference; lastKnownFileType = file; path = "SF-Compact-Rounded-Thin.otf"; sourceTree = "<group>"; };
		6348F6BA2392F331005AA01B /* Assembly.swift */ = {isa = PBXFileReference; fileEncoding = 4; lastKnownFileType = sourcecode.swift; path = Assembly.swift; sourceTree = "<group>"; };
		6348F6BC2392F454005AA01B /* UIButton+ShadowsAndCornerRadius.swift */ = {isa = PBXFileReference; fileEncoding = 4; lastKnownFileType = sourcecode.swift; path = "UIButton+ShadowsAndCornerRadius.swift"; sourceTree = "<group>"; };
		639650C02396E5EE0063C5DB /* AvailableInstruments.swift */ = {isa = PBXFileReference; lastKnownFileType = sourcecode.swift; path = AvailableInstruments.swift; sourceTree = "<group>"; };
		63DC5C7723A6D75900895038 /* LocalCustomCell.swift */ = {isa = PBXFileReference; fileEncoding = 4; lastKnownFileType = sourcecode.swift; path = LocalCustomCell.swift; sourceTree = "<group>"; };
		63DC5C7823A6D75900895038 /* ProfileCustomCell.swift */ = {isa = PBXFileReference; fileEncoding = 4; lastKnownFileType = sourcecode.swift; path = ProfileCustomCell.swift; sourceTree = "<group>"; };
		63DC5C7923A6D75900895038 /* BasePiperCustomCell.swift */ = {isa = PBXFileReference; fileEncoding = 4; lastKnownFileType = sourcecode.swift; path = BasePiperCustomCell.swift; sourceTree = "<group>"; };
		63DC5C7A23A6D75900895038 /* SearchViewController.swift */ = {isa = PBXFileReference; fileEncoding = 4; lastKnownFileType = sourcecode.swift; path = SearchViewController.swift; sourceTree = "<group>"; };
		63DC5C7C23A6D75900895038 /* SearchViewPresenter.swift */ = {isa = PBXFileReference; fileEncoding = 4; lastKnownFileType = sourcecode.swift; path = SearchViewPresenter.swift; sourceTree = "<group>"; };
		63DC5C7D23A6D75900895038 /* FiltersViewPresenter.swift */ = {isa = PBXFileReference; fileEncoding = 4; lastKnownFileType = sourcecode.swift; path = FiltersViewPresenter.swift; sourceTree = "<group>"; };
		63DC5C7E23A6D75900895038 /* SearchViewPresentables.swift */ = {isa = PBXFileReference; fileEncoding = 4; lastKnownFileType = sourcecode.swift; path = SearchViewPresentables.swift; sourceTree = "<group>"; };
		63DC5C7F23A6D75900895038 /* ProfileFiltersViewController.swift */ = {isa = PBXFileReference; fileEncoding = 4; lastKnownFileType = sourcecode.swift; path = ProfileFiltersViewController.swift; sourceTree = "<group>"; };
		63DC5C8123A6D75900895038 /* SearchTextField.swift */ = {isa = PBXFileReference; fileEncoding = 4; lastKnownFileType = sourcecode.swift; path = SearchTextField.swift; sourceTree = "<group>"; };
		63DC5C8223A6D75900895038 /* FilterButton.swift */ = {isa = PBXFileReference; fileEncoding = 4; lastKnownFileType = sourcecode.swift; path = FilterButton.swift; sourceTree = "<group>"; };
		63DC5C8323A6D75900895038 /* LoadingView.swift */ = {isa = PBXFileReference; fileEncoding = 4; lastKnownFileType = sourcecode.swift; path = LoadingView.swift; sourceTree = "<group>"; };
		63DC5C8423A6D75900895038 /* NotFoundView.swift */ = {isa = PBXFileReference; fileEncoding = 4; lastKnownFileType = sourcecode.swift; path = NotFoundView.swift; sourceTree = "<group>"; };
		63DC5C8523A6D75900895038 /* SearchInstrumentPickerViewController.swift */ = {isa = PBXFileReference; fileEncoding = 4; lastKnownFileType = sourcecode.swift; path = SearchInstrumentPickerViewController.swift; sourceTree = "<group>"; };
		63DC5C8623A6D75900895038 /* TopView.swift */ = {isa = PBXFileReference; fileEncoding = 4; lastKnownFileType = sourcecode.swift; path = TopView.swift; sourceTree = "<group>"; };
		63DC5C9523A7FC5400895038 /* NotificationRequests.swift */ = {isa = PBXFileReference; lastKnownFileType = sourcecode.swift; path = NotificationRequests.swift; sourceTree = "<group>"; };
		63DC5C9723A7FE2800895038 /* Notification.swift */ = {isa = PBXFileReference; lastKnownFileType = sourcecode.swift; path = Notification.swift; sourceTree = "<group>"; };
		63DC5C9923A953B300895038 /* NotificationTypes.swift */ = {isa = PBXFileReference; lastKnownFileType = sourcecode.swift; path = NotificationTypes.swift; sourceTree = "<group>"; };
		63DC5C9B23AAAE2200895038 /* LocalRequests.swift */ = {isa = PBXFileReference; lastKnownFileType = sourcecode.swift; path = LocalRequests.swift; sourceTree = "<group>"; };
		63E265AB236B6400007FEA74 /* ApiSession.swift */ = {isa = PBXFileReference; fileEncoding = 4; lastKnownFileType = sourcecode.swift; path = ApiSession.swift; sourceTree = "<group>"; };
		63E265AC236B6400007FEA74 /* ApiRequest.swift */ = {isa = PBXFileReference; fileEncoding = 4; lastKnownFileType = sourcecode.swift; path = ApiRequest.swift; sourceTree = "<group>"; };
		63E265AD236B6400007FEA74 /* APIError.swift */ = {isa = PBXFileReference; fileEncoding = 4; lastKnownFileType = sourcecode.swift; path = APIError.swift; sourceTree = "<group>"; };
		63E265B1236B64DD007FEA74 /* APIErrorCodes.swift */ = {isa = PBXFileReference; lastKnownFileType = sourcecode.swift; path = APIErrorCodes.swift; sourceTree = "<group>"; };
		63E265B4236B738D007FEA74 /* UserRequests.swift */ = {isa = PBXFileReference; lastKnownFileType = sourcecode.swift; path = UserRequests.swift; sourceTree = "<group>"; };
		63E265B6236B73C0007FEA74 /* User.swift */ = {isa = PBXFileReference; lastKnownFileType = sourcecode.swift; path = User.swift; sourceTree = "<group>"; };
		63EF8F0D23A503D100E518A4 /* ImageLoader.swift */ = {isa = PBXFileReference; lastKnownFileType = sourcecode.swift; path = ImageLoader.swift; sourceTree = "<group>"; };
		63EF8F1123A5681F00E518A4 /* FiltersViewPresenter.swift */ = {isa = PBXFileReference; lastKnownFileType = sourcecode.swift; path = FiltersViewPresenter.swift; sourceTree = "<group>"; };
		63F4E7F72368E04700C52D47 /* PiedPipers.app */ = {isa = PBXFileReference; explicitFileType = wrapper.application; includeInIndex = 0; path = PiedPipers.app; sourceTree = BUILT_PRODUCTS_DIR; };
		63F4E7FA2368E04700C52D47 /* AppDelegate.swift */ = {isa = PBXFileReference; lastKnownFileType = sourcecode.swift; path = AppDelegate.swift; sourceTree = "<group>"; };
		63F4E7FC2368E04700C52D47 /* SceneDelegate.swift */ = {isa = PBXFileReference; lastKnownFileType = sourcecode.swift; path = SceneDelegate.swift; sourceTree = "<group>"; };
		63F4E7FE2368E04700C52D47 /* ViewController.swift */ = {isa = PBXFileReference; lastKnownFileType = sourcecode.swift; path = ViewController.swift; sourceTree = "<group>"; };
		63F4E8012368E04700C52D47 /* Base */ = {isa = PBXFileReference; lastKnownFileType = file.storyboard; name = Base; path = Base.lproj/Main.storyboard; sourceTree = "<group>"; };
		63F4E8032368E04A00C52D47 /* Assets.xcassets */ = {isa = PBXFileReference; lastKnownFileType = folder.assetcatalog; path = Assets.xcassets; sourceTree = "<group>"; };
		63F4E8062368E04A00C52D47 /* Base */ = {isa = PBXFileReference; lastKnownFileType = file.storyboard; name = Base; path = Base.lproj/LaunchScreen.storyboard; sourceTree = "<group>"; };
		63F4E8082368E04A00C52D47 /* Info.plist */ = {isa = PBXFileReference; lastKnownFileType = text.plist.xml; path = Info.plist; sourceTree = "<group>"; };
		63F4E80D2368E04A00C52D47 /* PiedPipersTests.xctest */ = {isa = PBXFileReference; explicitFileType = wrapper.cfbundle; includeInIndex = 0; path = PiedPipersTests.xctest; sourceTree = BUILT_PRODUCTS_DIR; };
		63F4E8112368E04A00C52D47 /* PiedPipersTests.swift */ = {isa = PBXFileReference; lastKnownFileType = sourcecode.swift; path = PiedPipersTests.swift; sourceTree = "<group>"; };
		63F4E8132368E04A00C52D47 /* Info.plist */ = {isa = PBXFileReference; lastKnownFileType = text.plist.xml; path = Info.plist; sourceTree = "<group>"; };
		63F57C362373660700C59F9E /* Repository.swift */ = {isa = PBXFileReference; lastKnownFileType = sourcecode.swift; path = Repository.swift; sourceTree = "<group>"; };
		89DC3482C4DC8880BF2323E5 /* Pods-PiedPipersTests.debug.xcconfig */ = {isa = PBXFileReference; includeInIndex = 1; lastKnownFileType = text.xcconfig; name = "Pods-PiedPipersTests.debug.xcconfig"; path = "Target Support Files/Pods-PiedPipersTests/Pods-PiedPipersTests.debug.xcconfig"; sourceTree = "<group>"; };
		AC05E25723A19CE4003F7869 /* NotificationsViewController.swift */ = {isa = PBXFileReference; lastKnownFileType = sourcecode.swift; path = NotificationsViewController.swift; sourceTree = "<group>"; };
		AC05E25823A19CE4003F7869 /* NotificationsViewController.xib */ = {isa = PBXFileReference; lastKnownFileType = file.xib; path = NotificationsViewController.xib; sourceTree = "<group>"; };
		AC05E25C23A1A2F4003F7869 /* NotificationsTableViewCell.swift */ = {isa = PBXFileReference; lastKnownFileType = sourcecode.swift; path = NotificationsTableViewCell.swift; sourceTree = "<group>"; };
		AC05E25D23A1A2F4003F7869 /* NotificationsTableViewCell.xib */ = {isa = PBXFileReference; lastKnownFileType = file.xib; path = NotificationsTableViewCell.xib; sourceTree = "<group>"; };
		AC88CF32239842B40082F64D /* InstrumentsPickerViewController.swift */ = {isa = PBXFileReference; lastKnownFileType = sourcecode.swift; path = InstrumentsPickerViewController.swift; sourceTree = "<group>"; };
		AC88CF33239842B40082F64D /* InstrumentsPickerViewController.xib */ = {isa = PBXFileReference; lastKnownFileType = file.xib; path = InstrumentsPickerViewController.xib; sourceTree = "<group>"; };
		AC9193542393FEF9000CA28E /* LoginPresenter.swift */ = {isa = PBXFileReference; lastKnownFileType = sourcecode.swift; path = LoginPresenter.swift; sourceTree = "<group>"; };
		AC91935723940065000CA28E /* LoginProtocols.swift */ = {isa = PBXFileReference; lastKnownFileType = sourcecode.swift; path = LoginProtocols.swift; sourceTree = "<group>"; };
		AC91935923943286000CA28E /* String+IsValidEmail.swift */ = {isa = PBXFileReference; lastKnownFileType = sourcecode.swift; path = "String+IsValidEmail.swift"; sourceTree = "<group>"; };
		ACB3B50823A1B5F60037D9C7 /* NotificationCellPresentable.swift */ = {isa = PBXFileReference; lastKnownFileType = sourcecode.swift; path = NotificationCellPresentable.swift; sourceTree = "<group>"; };
		ACB3B50A23A2CCB50037D9C7 /* NotificationsPresenter.swift */ = {isa = PBXFileReference; lastKnownFileType = sourcecode.swift; path = NotificationsPresenter.swift; sourceTree = "<group>"; };
		ACB3B50D23A2D4380037D9C7 /* NotificationsProtocols.swift */ = {isa = PBXFileReference; lastKnownFileType = sourcecode.swift; path = NotificationsProtocols.swift; sourceTree = "<group>"; };
		AFF1BC005050C460CD36563D /* Pods_PiedPipers.framework */ = {isa = PBXFileReference; explicitFileType = wrapper.framework; includeInIndex = 0; path = Pods_PiedPipers.framework; sourceTree = BUILT_PRODUCTS_DIR; };
		B7F5047FA0520D4CC98BBA3D /* Pods-PiedPipers.debug.xcconfig */ = {isa = PBXFileReference; includeInIndex = 1; lastKnownFileType = text.xcconfig; name = "Pods-PiedPipers.debug.xcconfig"; path = "Target Support Files/Pods-PiedPipers/Pods-PiedPipers.debug.xcconfig"; sourceTree = "<group>"; };
		BB656504F0920BB5058C1E37 /* Pods-PiedPipersTests.release.xcconfig */ = {isa = PBXFileReference; includeInIndex = 1; lastKnownFileType = text.xcconfig; name = "Pods-PiedPipersTests.release.xcconfig"; path = "Target Support Files/Pods-PiedPipersTests/Pods-PiedPipersTests.release.xcconfig"; sourceTree = "<group>"; };
		EEBD9BB258859F7A79987EEF /* Pods-PiedPipers.release.xcconfig */ = {isa = PBXFileReference; includeInIndex = 1; lastKnownFileType = text.xcconfig; name = "Pods-PiedPipers.release.xcconfig"; path = "Target Support Files/Pods-PiedPipers/Pods-PiedPipers.release.xcconfig"; sourceTree = "<group>"; };
/* End PBXFileReference section */

/* Begin PBXFrameworksBuildPhase section */
		63F4E7F42368E04700C52D47 /* Frameworks */ = {
			isa = PBXFrameworksBuildPhase;
			buildActionMask = 2147483647;
			files = (
				54A69674D6E2689A3387D271 /* Pods_PiedPipers.framework in Frameworks */,
			);
			runOnlyForDeploymentPostprocessing = 0;
		};
		63F4E80A2368E04A00C52D47 /* Frameworks */ = {
			isa = PBXFrameworksBuildPhase;
			buildActionMask = 2147483647;
			files = (
				A3E7EE7450DE3CEA8023F0B2 /* Pods_PiedPipersTests.framework in Frameworks */,
			);
			runOnlyForDeploymentPostprocessing = 0;
		};
/* End PBXFrameworksBuildPhase section */

/* Begin PBXGroup section */
		2019A424B7436F8621B801D8 /* Pods */ = {
			isa = PBXGroup;
			children = (
				B7F5047FA0520D4CC98BBA3D /* Pods-PiedPipers.debug.xcconfig */,
				EEBD9BB258859F7A79987EEF /* Pods-PiedPipers.release.xcconfig */,
				89DC3482C4DC8880BF2323E5 /* Pods-PiedPipersTests.debug.xcconfig */,
				BB656504F0920BB5058C1E37 /* Pods-PiedPipersTests.release.xcconfig */,
			);
			path = Pods;
			sourceTree = "<group>";
		};
		38C277F61D5475509E74717E /* Frameworks */ = {
			isa = PBXGroup;
			children = (
				AFF1BC005050C460CD36563D /* Pods_PiedPipers.framework */,
				33F0D6D30771D11ED6AE142F /* Pods_PiedPipersTests.framework */,
			);
			name = Frameworks;
			sourceTree = "<group>";
		};
		63335ACF236C9A3A00F8CC8F /* Persistance */ = {
			isa = PBXGroup;
			children = (
				63335AD0236C9A6E00F8CC8F /* StoreManager.swift */,
			);
			path = Persistance;
			sourceTree = "<group>";
		};
		63378A142381CB67000C7751 /* Utils */ = {
			isa = PBXGroup;
			children = (
				6348F6BC2392F454005AA01B /* UIButton+ShadowsAndCornerRadius.swift */,
				63378A152381CB74000C7751 /* Utilities.swift */,
				AC91935923943286000CA28E /* String+IsValidEmail.swift */,
				63EF8F0D23A503D100E518A4 /* ImageLoader.swift */,
			);
			path = Utils;
			sourceTree = "<group>";
		};
		6348F6822392F24D005AA01B /* Login */ = {
			isa = PBXGroup;
			children = (
				AC9193562393FFF9000CA28E /* protocols */,
				AC9193532393FE8E000CA28E /* presenter */,
				6348F6832392F24D005AA01B /* view */,
			);
			path = Login;
			sourceTree = "<group>";
		};
		6348F6832392F24D005AA01B /* view */ = {
			isa = PBXGroup;
			children = (
				6348F6842392F24D005AA01B /* LoginViewController.xib */,
				6348F6852392F24D005AA01B /* LoginViewController.swift */,
			);
			path = view;
			sourceTree = "<group>";
		};
		6348F6862392F24D005AA01B /* Profile */ = {
			isa = PBXGroup;
			children = (
				6348F6872392F24D005AA01B /* presenter */,
				6348F68A2392F24D005AA01B /* view */,
				6348F6922392F24E005AA01B /* protocols */,
			);
			path = Profile;
			sourceTree = "<group>";
		};
		6348F6872392F24D005AA01B /* presenter */ = {
			isa = PBXGroup;
			children = (
				6348F6882392F24D005AA01B /* ProfilePresenter.swift */,
				6348F6892392F24D005AA01B /* ProfilePresentable.swift */,
			);
			path = presenter;
			sourceTree = "<group>";
		};
		6348F68A2392F24D005AA01B /* view */ = {
			isa = PBXGroup;
			children = (
				AC88CF31239842530082F64D /* instrumentsPicker */,
				6348F68B2392F24D005AA01B /* cells */,
				6348F6902392F24E005AA01B /* ProfileViewController.xib */,
				6348F6912392F24E005AA01B /* ProfileViewController.swift */,
			);
			path = view;
			sourceTree = "<group>";
		};
		6348F68B2392F24D005AA01B /* cells */ = {
			isa = PBXGroup;
			children = (
				6348F68C2392F24D005AA01B /* InstrumentCollectionViewCell.swift */,
				6348F68D2392F24D005AA01B /* VideoCollectionViewCell.xib */,
				6348F68E2392F24D005AA01B /* VideoCollectionViewCell.swift */,
				6348F68F2392F24E005AA01B /* InstrumentCollectionViewCell.xib */,
			);
			path = cells;
			sourceTree = "<group>";
		};
		6348F6922392F24E005AA01B /* protocols */ = {
			isa = PBXGroup;
			children = (
				6348F6932392F24E005AA01B /* ProfileProtocols.swift */,
			);
			path = protocols;
			sourceTree = "<group>";
		};
		6348F6942392F24E005AA01B /* Home */ = {
			isa = PBXGroup;
			children = (
				6348F6952392F24E005AA01B /* view */,
			);
			path = Home;
			sourceTree = "<group>";
		};
		6348F6952392F24E005AA01B /* view */ = {
			isa = PBXGroup;
			children = (
				6348F6962392F24E005AA01B /* HomeViewController.xib */,
				6348F6972392F24E005AA01B /* HomeViewController.swift */,
			);
			path = view;
			sourceTree = "<group>";
		};
		6348F6A52392F2D6005AA01B /* Resources */ = {
			isa = PBXGroup;
			children = (
				6348F6A62392F2D6005AA01B /* Fonts */,
			);
			path = Resources;
			sourceTree = "<group>";
		};
		6348F6A62392F2D6005AA01B /* Fonts */ = {
			isa = PBXGroup;
			children = (
				6348F6A72392F2D6005AA01B /* SF-Compact-Rounded-Medium.otf */,
				6348F6A82392F2D6005AA01B /* SF-Compact-Rounded-Heavy.otf */,
				6348F6A92392F2D6005AA01B /* SF-Compact-Rounded-Light.otf */,
				6348F6AA2392F2D6005AA01B /* SF-Compact-Rounded-Regular.otf */,
				6348F6AB2392F2D6005AA01B /* SF-Compact-Rounded-Ultralight.otf */,
				6348F6AC2392F2D6005AA01B /* SF-Compact-Rounded-Semibold.otf */,
				6348F6AD2392F2D6005AA01B /* SF-Compact-Rounded-Black.otf */,
				6348F6AE2392F2D6005AA01B /* SF-Compact-Rounded-Bold.otf */,
				6348F6AF2392F2D6005AA01B /* SF-Compact-Rounded-Thin.otf */,
			);
			path = Fonts;
			sourceTree = "<group>";
		};
		6348F6B92392F331005AA01B /* Assembler */ = {
			isa = PBXGroup;
			children = (
				6348F6BA2392F331005AA01B /* Assembly.swift */,
			);
			path = Assembler;
			sourceTree = "<group>";
		};
		638B425023A17A3500C3B0B1 /* Recovered References */ = {
			isa = PBXGroup;
			children = (
				63EF8F1123A5681F00E518A4 /* FiltersViewPresenter.swift */,
			);
			name = "Recovered References";
			sourceTree = "<group>";
		};
		63DC5C7523A6D75900895038 /* SearchView */ = {
			isa = PBXGroup;
			children = (
				63DC5C7623A6D75900895038 /* Cells */,
				63DC5C7B23A6D75900895038 /* Presenter */,
				63DC5C8023A6D75900895038 /* Subviews */,
				63DC5C7F23A6D75900895038 /* ProfileFiltersViewController.swift */,
				63DC5C7A23A6D75900895038 /* SearchViewController.swift */,
				63DC5C8523A6D75900895038 /* SearchInstrumentPickerViewController.swift */,
				63DC5C8623A6D75900895038 /* TopView.swift */,
			);
			path = SearchView;
			sourceTree = "<group>";
		};
		63DC5C7623A6D75900895038 /* Cells */ = {
			isa = PBXGroup;
			children = (
				63DC5C7723A6D75900895038 /* LocalCustomCell.swift */,
				63DC5C7823A6D75900895038 /* ProfileCustomCell.swift */,
				63DC5C7923A6D75900895038 /* BasePiperCustomCell.swift */,
			);
			path = Cells;
			sourceTree = "<group>";
		};
		63DC5C7B23A6D75900895038 /* Presenter */ = {
			isa = PBXGroup;
			children = (
				63DC5C7C23A6D75900895038 /* SearchViewPresenter.swift */,
				63DC5C7D23A6D75900895038 /* FiltersViewPresenter.swift */,
				63DC5C7E23A6D75900895038 /* SearchViewPresentables.swift */,
			);
			path = Presenter;
			sourceTree = "<group>";
		};
		63DC5C8023A6D75900895038 /* Subviews */ = {
			isa = PBXGroup;
			children = (
				63DC5C8123A6D75900895038 /* SearchTextField.swift */,
				63DC5C8223A6D75900895038 /* FilterButton.swift */,
				63DC5C8323A6D75900895038 /* LoadingView.swift */,
				63DC5C8423A6D75900895038 /* NotFoundView.swift */,
			);
			path = Subviews;
			sourceTree = "<group>";
		};
		63E265AA236B63F0007FEA74 /* ApiRequest */ = {
			isa = PBXGroup;
			children = (
				63E265AD236B6400007FEA74 /* APIError.swift */,
				63E265AC236B6400007FEA74 /* ApiRequest.swift */,
				63E265AB236B6400007FEA74 /* ApiSession.swift */,
				63E265B1236B64DD007FEA74 /* APIErrorCodes.swift */,
				63335AD4236CBF8500F8CC8F /* APIConstants.swift */,
			);
			path = ApiRequest;
			sourceTree = "<group>";
		};
		63E265B3236B7333007FEA74 /* Requests */ = {
			isa = PBXGroup;
			children = (
				63E265B4236B738D007FEA74 /* UserRequests.swift */,
				63335AD6236CC69A00F8CC8F /* ProfileRequests.swift */,
				63378A0A2380A6A3000C7751 /* SearchRequests.swift */,
				63DC5C9523A7FC5400895038 /* NotificationRequests.swift */,
				63DC5C9B23AAAE2200895038 /* LocalRequests.swift */,
			);
			path = Requests;
			sourceTree = "<group>";
		};
		63E892682385FBC70083146F /* Screens */ = {
			isa = PBXGroup;
			children = (
				AC05E25023A198D7003F7869 /* Notifications */,
				6348F6942392F24E005AA01B /* Home */,
				6348F6822392F24D005AA01B /* Login */,
				6348F6862392F24D005AA01B /* Profile */,
				63DC5C7523A6D75900895038 /* SearchView */,
			);
			path = Screens;
			sourceTree = "<group>";
		};
		63F4E7EE2368E04700C52D47 = {
			isa = PBXGroup;
			children = (
				63F4E7F92368E04700C52D47 /* PiedPipers */,
				63F4E8102368E04A00C52D47 /* PiedPipersTests */,
				63F4E7F82368E04700C52D47 /* Products */,
				2019A424B7436F8621B801D8 /* Pods */,
				38C277F61D5475509E74717E /* Frameworks */,
				638B425023A17A3500C3B0B1 /* Recovered References */,
			);
			sourceTree = "<group>";
		};
		63F4E7F82368E04700C52D47 /* Products */ = {
			isa = PBXGroup;
			children = (
				63F4E7F72368E04700C52D47 /* PiedPipers.app */,
				63F4E80D2368E04A00C52D47 /* PiedPipersTests.xctest */,
			);
			name = Products;
			sourceTree = "<group>";
		};
		63F4E7F92368E04700C52D47 /* PiedPipers */ = {
			isa = PBXGroup;
			children = (
				6348F6B92392F331005AA01B /* Assembler */,
				6348F6A52392F2D6005AA01B /* Resources */,
				63378A142381CB67000C7751 /* Utils */,
				63F57C35237365E800C59F9E /* Repository */,
				63335ACF236C9A3A00F8CC8F /* Persistance */,
				63F4E820236A0EF400C52D47 /* Networking */,
				63F4E81C2368E54D00C52D47 /* Domain */,
				63E892682385FBC70083146F /* Screens */,
				63F4E7FA2368E04700C52D47 /* AppDelegate.swift */,
				63F4E7FC2368E04700C52D47 /* SceneDelegate.swift */,
				63F4E7FE2368E04700C52D47 /* ViewController.swift */,
				63F4E8002368E04700C52D47 /* Main.storyboard */,
				63F4E8032368E04A00C52D47 /* Assets.xcassets */,
				63F4E8052368E04A00C52D47 /* LaunchScreen.storyboard */,
				63F4E8082368E04A00C52D47 /* Info.plist */,
			);
			path = PiedPipers;
			sourceTree = "<group>";
		};
		63F4E8102368E04A00C52D47 /* PiedPipersTests */ = {
			isa = PBXGroup;
			children = (
				63F4E8112368E04A00C52D47 /* PiedPipersTests.swift */,
				63335AD8236CDF9F00F8CC8F /* RequestsTests.swift */,
				63F4E8132368E04A00C52D47 /* Info.plist */,
			);
			path = PiedPipersTests;
			sourceTree = "<group>";
		};
		63F4E81C2368E54D00C52D47 /* Domain */ = {
			isa = PBXGroup;
			children = (
				63E265B6236B73C0007FEA74 /* User.swift */,
				63378A0E2381C103000C7751 /* Local.swift */,
				63335AD2236CBF4200F8CC8F /* Profile.swift */,
				63378A0C2381BF94000C7751 /* Lists.swift */,
				63378A102381C1E7000C7751 /* Location.swift */,
				63378A122381C236000C7751 /* Contact.swift */,
				634126F023835DF300B7B45F /* Video.swift */,
				639650C02396E5EE0063C5DB /* AvailableInstruments.swift */,
				63DC5C9723A7FE2800895038 /* Notification.swift */,
				63DC5C9923A953B300895038 /* NotificationTypes.swift */,
			);
			path = Domain;
			sourceTree = "<group>";
		};
		63F4E820236A0EF400C52D47 /* Networking */ = {
			isa = PBXGroup;
			children = (
				63E265B3236B7333007FEA74 /* Requests */,
				63E265AA236B63F0007FEA74 /* ApiRequest */,
			);
			path = Networking;
			sourceTree = "<group>";
		};
		63F57C35237365E800C59F9E /* Repository */ = {
			isa = PBXGroup;
			children = (
				63F57C362373660700C59F9E /* Repository.swift */,
			);
			path = Repository;
			sourceTree = "<group>";
		};
		AC05E25023A198D7003F7869 /* Notifications */ = {
			isa = PBXGroup;
			children = (
				ACB3B50C23A2D3090037D9C7 /* protocols */,
				AC05E25223A19960003F7869 /* presenter */,
				AC05E25123A1994E003F7869 /* view */,
			);
			path = Notifications;
			sourceTree = "<group>";
		};
		AC05E25123A1994E003F7869 /* view */ = {
			isa = PBXGroup;
			children = (
				AC05E25B23A1A28E003F7869 /* cells */,
				AC05E25723A19CE4003F7869 /* NotificationsViewController.swift */,
				AC05E25823A19CE4003F7869 /* NotificationsViewController.xib */,
			);
			path = view;
			sourceTree = "<group>";
		};
		AC05E25223A19960003F7869 /* presenter */ = {
			isa = PBXGroup;
			children = (
				ACB3B50823A1B5F60037D9C7 /* NotificationCellPresentable.swift */,
				ACB3B50A23A2CCB50037D9C7 /* NotificationsPresenter.swift */,
			);
			path = presenter;
			sourceTree = "<group>";
		};
		AC05E25B23A1A28E003F7869 /* cells */ = {
			isa = PBXGroup;
			children = (
				AC05E25C23A1A2F4003F7869 /* NotificationsTableViewCell.swift */,
				AC05E25D23A1A2F4003F7869 /* NotificationsTableViewCell.xib */,
			);
			path = cells;
			sourceTree = "<group>";
		};
		AC88CF31239842530082F64D /* instrumentsPicker */ = {
			isa = PBXGroup;
			children = (
				AC88CF32239842B40082F64D /* InstrumentsPickerViewController.swift */,
				AC88CF33239842B40082F64D /* InstrumentsPickerViewController.xib */,
			);
			path = instrumentsPicker;
			sourceTree = "<group>";
		};
		AC9193532393FE8E000CA28E /* presenter */ = {
			isa = PBXGroup;
			children = (
				AC9193542393FEF9000CA28E /* LoginPresenter.swift */,
			);
			path = presenter;
			sourceTree = "<group>";
		};
		AC9193562393FFF9000CA28E /* protocols */ = {
			isa = PBXGroup;
			children = (
				AC91935723940065000CA28E /* LoginProtocols.swift */,
			);
			path = protocols;
			sourceTree = "<group>";
		};
		ACB3B50C23A2D3090037D9C7 /* protocols */ = {
			isa = PBXGroup;
			children = (
				ACB3B50D23A2D4380037D9C7 /* NotificationsProtocols.swift */,
			);
			path = protocols;
			sourceTree = "<group>";
		};
/* End PBXGroup section */

/* Begin PBXNativeTarget section */
		63F4E7F62368E04700C52D47 /* PiedPipers */ = {
			isa = PBXNativeTarget;
			buildConfigurationList = 63F4E8162368E04A00C52D47 /* Build configuration list for PBXNativeTarget "PiedPipers" */;
			buildPhases = (
				28F5B9A41F8089EF22B1D9AA /* [CP] Check Pods Manifest.lock */,
				63F4E7F32368E04700C52D47 /* Sources */,
				63F4E7F42368E04700C52D47 /* Frameworks */,
				63F4E7F52368E04700C52D47 /* Resources */,
				B0FD08D477474C4751DCE6B8 /* [CP] Embed Pods Frameworks */,
			);
			buildRules = (
			);
			dependencies = (
			);
			name = PiedPipers;
			productName = PiedPipers;
			productReference = 63F4E7F72368E04700C52D47 /* PiedPipers.app */;
			productType = "com.apple.product-type.application";
		};
		63F4E80C2368E04A00C52D47 /* PiedPipersTests */ = {
			isa = PBXNativeTarget;
			buildConfigurationList = 63F4E8192368E04A00C52D47 /* Build configuration list for PBXNativeTarget "PiedPipersTests" */;
			buildPhases = (
				8ECBF3A5220263D069544A18 /* [CP] Check Pods Manifest.lock */,
				63F4E8092368E04A00C52D47 /* Sources */,
				63F4E80A2368E04A00C52D47 /* Frameworks */,
				63F4E80B2368E04A00C52D47 /* Resources */,
			);
			buildRules = (
			);
			dependencies = (
				63F4E80F2368E04A00C52D47 /* PBXTargetDependency */,
			);
			name = PiedPipersTests;
			productName = PiedPipersTests;
			productReference = 63F4E80D2368E04A00C52D47 /* PiedPipersTests.xctest */;
			productType = "com.apple.product-type.bundle.unit-test";
		};
/* End PBXNativeTarget section */

/* Begin PBXProject section */
		63F4E7EF2368E04700C52D47 /* Project object */ = {
			isa = PBXProject;
			attributes = {
				LastSwiftUpdateCheck = 1110;
				LastUpgradeCheck = 1110;
				ORGANIZATIONNAME = "david rogel pernas";
				TargetAttributes = {
					63F4E7F62368E04700C52D47 = {
						CreatedOnToolsVersion = 11.1;
					};
					63F4E80C2368E04A00C52D47 = {
						CreatedOnToolsVersion = 11.1;
						TestTargetID = 63F4E7F62368E04700C52D47;
					};
				};
			};
			buildConfigurationList = 63F4E7F22368E04700C52D47 /* Build configuration list for PBXProject "PiedPipers" */;
			compatibilityVersion = "Xcode 9.3";
			developmentRegion = en;
			hasScannedForEncodings = 0;
			knownRegions = (
				en,
				Base,
			);
			mainGroup = 63F4E7EE2368E04700C52D47;
			productRefGroup = 63F4E7F82368E04700C52D47 /* Products */;
			projectDirPath = "";
			projectRoot = "";
			targets = (
				63F4E7F62368E04700C52D47 /* PiedPipers */,
				63F4E80C2368E04A00C52D47 /* PiedPipersTests */,
			);
		};
/* End PBXProject section */

/* Begin PBXResourcesBuildPhase section */
		63F4E7F52368E04700C52D47 /* Resources */ = {
			isa = PBXResourcesBuildPhase;
			buildActionMask = 2147483647;
			files = (
				6348F6B42392F2D6005AA01B /* SF-Compact-Rounded-Ultralight.otf in Resources */,
				6348F6B52392F2D6005AA01B /* SF-Compact-Rounded-Semibold.otf in Resources */,
				6348F6A02392F24E005AA01B /* ProfileViewController.xib in Resources */,
				AC05E25A23A19CE4003F7869 /* NotificationsViewController.xib in Resources */,
				6348F6B82392F2D6005AA01B /* SF-Compact-Rounded-Thin.otf in Resources */,
				6348F69F2392F24E005AA01B /* InstrumentCollectionViewCell.xib in Resources */,
				AC88CF35239842B40082F64D /* InstrumentsPickerViewController.xib in Resources */,
				6348F6982392F24E005AA01B /* LoginViewController.xib in Resources */,
				63F4E8072368E04A00C52D47 /* LaunchScreen.storyboard in Resources */,
				6348F69D2392F24E005AA01B /* VideoCollectionViewCell.xib in Resources */,
				6348F6B22392F2D6005AA01B /* SF-Compact-Rounded-Light.otf in Resources */,
				6348F6B62392F2D6005AA01B /* SF-Compact-Rounded-Black.otf in Resources */,
				63F4E8042368E04A00C52D47 /* Assets.xcassets in Resources */,
				6348F6B32392F2D6005AA01B /* SF-Compact-Rounded-Regular.otf in Resources */,
				6348F6B72392F2D6005AA01B /* SF-Compact-Rounded-Bold.otf in Resources */,
				6348F6B02392F2D6005AA01B /* SF-Compact-Rounded-Medium.otf in Resources */,
				AC05E25F23A1A2F4003F7869 /* NotificationsTableViewCell.xib in Resources */,
				63F4E8022368E04700C52D47 /* Main.storyboard in Resources */,
				6348F6B12392F2D6005AA01B /* SF-Compact-Rounded-Heavy.otf in Resources */,
				6348F6A32392F24E005AA01B /* HomeViewController.xib in Resources */,
			);
			runOnlyForDeploymentPostprocessing = 0;
		};
		63F4E80B2368E04A00C52D47 /* Resources */ = {
			isa = PBXResourcesBuildPhase;
			buildActionMask = 2147483647;
			files = (
			);
			runOnlyForDeploymentPostprocessing = 0;
		};
/* End PBXResourcesBuildPhase section */

/* Begin PBXShellScriptBuildPhase section */
		28F5B9A41F8089EF22B1D9AA /* [CP] Check Pods Manifest.lock */ = {
			isa = PBXShellScriptBuildPhase;
			buildActionMask = 2147483647;
			files = (
			);
			inputFileListPaths = (
			);
			inputPaths = (
				"${PODS_PODFILE_DIR_PATH}/Podfile.lock",
				"${PODS_ROOT}/Manifest.lock",
			);
			name = "[CP] Check Pods Manifest.lock";
			outputFileListPaths = (
			);
			outputPaths = (
				"$(DERIVED_FILE_DIR)/Pods-PiedPipers-checkManifestLockResult.txt",
			);
			runOnlyForDeploymentPostprocessing = 0;
			shellPath = /bin/sh;
			shellScript = "diff \"${PODS_PODFILE_DIR_PATH}/Podfile.lock\" \"${PODS_ROOT}/Manifest.lock\" > /dev/null\nif [ $? != 0 ] ; then\n    # print error to STDERR\n    echo \"error: The sandbox is not in sync with the Podfile.lock. Run 'pod install' or update your CocoaPods installation.\" >&2\n    exit 1\nfi\n# This output is used by Xcode 'outputs' to avoid re-running this script phase.\necho \"SUCCESS\" > \"${SCRIPT_OUTPUT_FILE_0}\"\n";
			showEnvVarsInLog = 0;
		};
		8ECBF3A5220263D069544A18 /* [CP] Check Pods Manifest.lock */ = {
			isa = PBXShellScriptBuildPhase;
			buildActionMask = 2147483647;
			files = (
			);
			inputFileListPaths = (
			);
			inputPaths = (
				"${PODS_PODFILE_DIR_PATH}/Podfile.lock",
				"${PODS_ROOT}/Manifest.lock",
			);
			name = "[CP] Check Pods Manifest.lock";
			outputFileListPaths = (
			);
			outputPaths = (
				"$(DERIVED_FILE_DIR)/Pods-PiedPipersTests-checkManifestLockResult.txt",
			);
			runOnlyForDeploymentPostprocessing = 0;
			shellPath = /bin/sh;
			shellScript = "diff \"${PODS_PODFILE_DIR_PATH}/Podfile.lock\" \"${PODS_ROOT}/Manifest.lock\" > /dev/null\nif [ $? != 0 ] ; then\n    # print error to STDERR\n    echo \"error: The sandbox is not in sync with the Podfile.lock. Run 'pod install' or update your CocoaPods installation.\" >&2\n    exit 1\nfi\n# This output is used by Xcode 'outputs' to avoid re-running this script phase.\necho \"SUCCESS\" > \"${SCRIPT_OUTPUT_FILE_0}\"\n";
			showEnvVarsInLog = 0;
		};
		B0FD08D477474C4751DCE6B8 /* [CP] Embed Pods Frameworks */ = {
			isa = PBXShellScriptBuildPhase;
			buildActionMask = 2147483647;
			files = (
			);
			inputFileListPaths = (
				"${PODS_ROOT}/Target Support Files/Pods-PiedPipers/Pods-PiedPipers-frameworks-${CONFIGURATION}-input-files.xcfilelist",
			);
			name = "[CP] Embed Pods Frameworks";
			outputFileListPaths = (
				"${PODS_ROOT}/Target Support Files/Pods-PiedPipers/Pods-PiedPipers-frameworks-${CONFIGURATION}-output-files.xcfilelist",
			);
			runOnlyForDeploymentPostprocessing = 0;
			shellPath = /bin/sh;
			shellScript = "\"${PODS_ROOT}/Target Support Files/Pods-PiedPipers/Pods-PiedPipers-frameworks.sh\"\n";
			showEnvVarsInLog = 0;
		};
/* End PBXShellScriptBuildPhase section */

/* Begin PBXSourcesBuildPhase section */
		63F4E7F32368E04700C52D47 /* Sources */ = {
			isa = PBXSourcesBuildPhase;
			buildActionMask = 2147483647;
			files = (
				63DC5C8E23A6D75900895038 /* ProfileFiltersViewController.swift in Sources */,
				6348F6BB2392F331005AA01B /* Assembly.swift in Sources */,
				63E265B2236B64DD007FEA74 /* APIErrorCodes.swift in Sources */,
				63DC5C8C23A6D75900895038 /* FiltersViewPresenter.swift in Sources */,
				63378A0F2381C103000C7751 /* Local.swift in Sources */,
				63DC5C9223A6D75900895038 /* NotFoundView.swift in Sources */,
				63E265AE236B6400007FEA74 /* ApiSession.swift in Sources */,
				63335AD3236CBF4200F8CC8F /* Profile.swift in Sources */,
				AC05E25923A19CE4003F7869 /* NotificationsViewController.swift in Sources */,
				6348F6A22392F24E005AA01B /* ProfileProtocols.swift in Sources */,
				63DC5C8723A6D75900895038 /* LocalCustomCell.swift in Sources */,
				6348F6BD2392F454005AA01B /* UIButton+ShadowsAndCornerRadius.swift in Sources */,
				ACB3B50E23A2D4380037D9C7 /* NotificationsProtocols.swift in Sources */,
				63DC5C8823A6D75900895038 /* ProfileCustomCell.swift in Sources */,
				63378A132381C236000C7751 /* Contact.swift in Sources */,
				AC91935823940065000CA28E /* LoginProtocols.swift in Sources */,
				639650C12396E5EE0063C5DB /* AvailableInstruments.swift in Sources */,
				63DC5C8923A6D75900895038 /* BasePiperCustomCell.swift in Sources */,
				63F4E7FF2368E04700C52D47 /* ViewController.swift in Sources */,
				6348F6A42392F24E005AA01B /* HomeViewController.swift in Sources */,
				63DC5C9423A6D75900895038 /* TopView.swift in Sources */,
				63DC5C8A23A6D75900895038 /* SearchViewController.swift in Sources */,
				63E265AF236B6400007FEA74 /* ApiRequest.swift in Sources */,
				6348F69B2392F24E005AA01B /* ProfilePresentable.swift in Sources */,
				63DC5C9323A6D75900895038 /* SearchInstrumentPickerViewController.swift in Sources */,
				63DC5C9023A6D75900895038 /* FilterButton.swift in Sources */,
				AC88CF34239842B40082F64D /* InstrumentsPickerViewController.swift in Sources */,
				6348F69A2392F24E005AA01B /* ProfilePresenter.swift in Sources */,
				AC05E25E23A1A2F4003F7869 /* NotificationsTableViewCell.swift in Sources */,
				638B426B23A17C5000C3B0B1 /* FilterButton.swift in Sources */,
				638B426E23A17C5000C3B0B1 /* TopView.swift in Sources */,
				63F4E81F236910F600C52D47 /* Dummy_Profile.swift in Sources */,
				6348F6992392F24E005AA01B /* LoginViewController.swift in Sources */,
				63E265B5236B738D007FEA74 /* UserRequests.swift in Sources */,
				63EF8F0E23A503D100E518A4 /* ImageLoader.swift in Sources */,
				63335AD7236CC69A00F8CC8F /* ProfileRequests.swift in Sources */,
				AC91935A23943286000CA28E /* String+IsValidEmail.swift in Sources */,
				63378A162381CB74000C7751 /* Utilities.swift in Sources */,
				6348F69E2392F24E005AA01B /* VideoCollectionViewCell.swift in Sources */,
				634126F123835DF300B7B45F /* Video.swift in Sources */,
				63DC5C9623A7FC5400895038 /* NotificationRequests.swift in Sources */,
				63F57C372373660700C59F9E /* Repository.swift in Sources */,
				ACB3B50B23A2CCB50037D9C7 /* NotificationsPresenter.swift in Sources */,
				AC9193552393FEF9000CA28E /* LoginPresenter.swift in Sources */,
				63335AD5236CBF8500F8CC8F /* APIConstants.swift in Sources */,
				63378A112381C1E7000C7751 /* Location.swift in Sources */,
				63F4E7FB2368E04700C52D47 /* AppDelegate.swift in Sources */,
				6348F69C2392F24E005AA01B /* InstrumentCollectionViewCell.swift in Sources */,
				63F4E7FD2368E04700C52D47 /* SceneDelegate.swift in Sources */,
				63DC5C8B23A6D75900895038 /* SearchViewPresenter.swift in Sources */,
				63335AD1236C9A6E00F8CC8F /* StoreManager.swift in Sources */,
				ACB3B50923A1B5F60037D9C7 /* NotificationCellPresentable.swift in Sources */,
				638B426C23A17C5000C3B0B1 /* LoadingView.swift in Sources */,
				63DC5C9C23AAAE2200895038 /* LocalRequests.swift in Sources */,
				63378A0B2380A6A3000C7751 /* SearchRequests.swift in Sources */,
				63DC5C9123A6D75900895038 /* LoadingView.swift in Sources */,
				63DC5C9823A7FE2800895038 /* Notification.swift in Sources */,
				63DC5C9A23A953B300895038 /* NotificationTypes.swift in Sources */,
				63E265B7236B73C0007FEA74 /* User.swift in Sources */,
				63378A0D2381BF94000C7751 /* Lists.swift in Sources */,
				63E265B0236B6400007FEA74 /* APIError.swift in Sources */,
				63DC5C8D23A6D75900895038 /* SearchViewPresentables.swift in Sources */,
				6348F6A12392F24E005AA01B /* ProfileViewController.swift in Sources */,
				63DC5C8F23A6D75900895038 /* SearchTextField.swift in Sources */,
			);
			runOnlyForDeploymentPostprocessing = 0;
		};
		63F4E8092368E04A00C52D47 /* Sources */ = {
			isa = PBXSourcesBuildPhase;
			buildActionMask = 2147483647;
			files = (
				63F4E8122368E04A00C52D47 /* PiedPipersTests.swift in Sources */,
				63335AD9236CDF9F00F8CC8F /* RequestsTests.swift in Sources */,
			);
			runOnlyForDeploymentPostprocessing = 0;
		};
/* End PBXSourcesBuildPhase section */

/* Begin PBXTargetDependency section */
		63F4E80F2368E04A00C52D47 /* PBXTargetDependency */ = {
			isa = PBXTargetDependency;
			target = 63F4E7F62368E04700C52D47 /* PiedPipers */;
			targetProxy = 63F4E80E2368E04A00C52D47 /* PBXContainerItemProxy */;
		};
/* End PBXTargetDependency section */

/* Begin PBXVariantGroup section */
		63F4E8002368E04700C52D47 /* Main.storyboard */ = {
			isa = PBXVariantGroup;
			children = (
				63F4E8012368E04700C52D47 /* Base */,
			);
			name = Main.storyboard;
			sourceTree = "<group>";
		};
		63F4E8052368E04A00C52D47 /* LaunchScreen.storyboard */ = {
			isa = PBXVariantGroup;
			children = (
				63F4E8062368E04A00C52D47 /* Base */,
			);
			name = LaunchScreen.storyboard;
			sourceTree = "<group>";
		};
/* End PBXVariantGroup section */

/* Begin XCBuildConfiguration section */
		63F4E8142368E04A00C52D47 /* Debug */ = {
			isa = XCBuildConfiguration;
			buildSettings = {
				ALWAYS_SEARCH_USER_PATHS = NO;
				CLANG_ANALYZER_NONNULL = YES;
				CLANG_ANALYZER_NUMBER_OBJECT_CONVERSION = YES_AGGRESSIVE;
				CLANG_CXX_LANGUAGE_STANDARD = "gnu++14";
				CLANG_CXX_LIBRARY = "libc++";
				CLANG_ENABLE_MODULES = YES;
				CLANG_ENABLE_OBJC_ARC = YES;
				CLANG_ENABLE_OBJC_WEAK = YES;
				CLANG_WARN_BLOCK_CAPTURE_AUTORELEASING = YES;
				CLANG_WARN_BOOL_CONVERSION = YES;
				CLANG_WARN_COMMA = YES;
				CLANG_WARN_CONSTANT_CONVERSION = YES;
				CLANG_WARN_DEPRECATED_OBJC_IMPLEMENTATIONS = YES;
				CLANG_WARN_DIRECT_OBJC_ISA_USAGE = YES_ERROR;
				CLANG_WARN_DOCUMENTATION_COMMENTS = YES;
				CLANG_WARN_EMPTY_BODY = YES;
				CLANG_WARN_ENUM_CONVERSION = YES;
				CLANG_WARN_INFINITE_RECURSION = YES;
				CLANG_WARN_INT_CONVERSION = YES;
				CLANG_WARN_NON_LITERAL_NULL_CONVERSION = YES;
				CLANG_WARN_OBJC_IMPLICIT_RETAIN_SELF = YES;
				CLANG_WARN_OBJC_LITERAL_CONVERSION = YES;
				CLANG_WARN_OBJC_ROOT_CLASS = YES_ERROR;
				CLANG_WARN_RANGE_LOOP_ANALYSIS = YES;
				CLANG_WARN_STRICT_PROTOTYPES = YES;
				CLANG_WARN_SUSPICIOUS_MOVE = YES;
				CLANG_WARN_UNGUARDED_AVAILABILITY = YES_AGGRESSIVE;
				CLANG_WARN_UNREACHABLE_CODE = YES;
				CLANG_WARN__DUPLICATE_METHOD_MATCH = YES;
				COPY_PHASE_STRIP = NO;
				DEBUG_INFORMATION_FORMAT = dwarf;
				ENABLE_STRICT_OBJC_MSGSEND = YES;
				ENABLE_TESTABILITY = YES;
				GCC_C_LANGUAGE_STANDARD = gnu11;
				GCC_DYNAMIC_NO_PIC = NO;
				GCC_NO_COMMON_BLOCKS = YES;
				GCC_OPTIMIZATION_LEVEL = 0;
				GCC_PREPROCESSOR_DEFINITIONS = (
					"DEBUG=1",
					"$(inherited)",
				);
				GCC_WARN_64_TO_32_BIT_CONVERSION = YES;
				GCC_WARN_ABOUT_RETURN_TYPE = YES_ERROR;
				GCC_WARN_UNDECLARED_SELECTOR = YES;
				GCC_WARN_UNINITIALIZED_AUTOS = YES_AGGRESSIVE;
				GCC_WARN_UNUSED_FUNCTION = YES;
				GCC_WARN_UNUSED_VARIABLE = YES;
				IPHONEOS_DEPLOYMENT_TARGET = 13.1;
				MTL_ENABLE_DEBUG_INFO = INCLUDE_SOURCE;
				MTL_FAST_MATH = YES;
				ONLY_ACTIVE_ARCH = YES;
				SDKROOT = iphoneos;
				SWIFT_ACTIVE_COMPILATION_CONDITIONS = DEBUG;
				SWIFT_OPTIMIZATION_LEVEL = "-Onone";
			};
			name = Debug;
		};
		63F4E8152368E04A00C52D47 /* Release */ = {
			isa = XCBuildConfiguration;
			buildSettings = {
				ALWAYS_SEARCH_USER_PATHS = NO;
				CLANG_ANALYZER_NONNULL = YES;
				CLANG_ANALYZER_NUMBER_OBJECT_CONVERSION = YES_AGGRESSIVE;
				CLANG_CXX_LANGUAGE_STANDARD = "gnu++14";
				CLANG_CXX_LIBRARY = "libc++";
				CLANG_ENABLE_MODULES = YES;
				CLANG_ENABLE_OBJC_ARC = YES;
				CLANG_ENABLE_OBJC_WEAK = YES;
				CLANG_WARN_BLOCK_CAPTURE_AUTORELEASING = YES;
				CLANG_WARN_BOOL_CONVERSION = YES;
				CLANG_WARN_COMMA = YES;
				CLANG_WARN_CONSTANT_CONVERSION = YES;
				CLANG_WARN_DEPRECATED_OBJC_IMPLEMENTATIONS = YES;
				CLANG_WARN_DIRECT_OBJC_ISA_USAGE = YES_ERROR;
				CLANG_WARN_DOCUMENTATION_COMMENTS = YES;
				CLANG_WARN_EMPTY_BODY = YES;
				CLANG_WARN_ENUM_CONVERSION = YES;
				CLANG_WARN_INFINITE_RECURSION = YES;
				CLANG_WARN_INT_CONVERSION = YES;
				CLANG_WARN_NON_LITERAL_NULL_CONVERSION = YES;
				CLANG_WARN_OBJC_IMPLICIT_RETAIN_SELF = YES;
				CLANG_WARN_OBJC_LITERAL_CONVERSION = YES;
				CLANG_WARN_OBJC_ROOT_CLASS = YES_ERROR;
				CLANG_WARN_RANGE_LOOP_ANALYSIS = YES;
				CLANG_WARN_STRICT_PROTOTYPES = YES;
				CLANG_WARN_SUSPICIOUS_MOVE = YES;
				CLANG_WARN_UNGUARDED_AVAILABILITY = YES_AGGRESSIVE;
				CLANG_WARN_UNREACHABLE_CODE = YES;
				CLANG_WARN__DUPLICATE_METHOD_MATCH = YES;
				COPY_PHASE_STRIP = NO;
				DEBUG_INFORMATION_FORMAT = "dwarf-with-dsym";
				ENABLE_NS_ASSERTIONS = NO;
				ENABLE_STRICT_OBJC_MSGSEND = YES;
				GCC_C_LANGUAGE_STANDARD = gnu11;
				GCC_NO_COMMON_BLOCKS = YES;
				GCC_WARN_64_TO_32_BIT_CONVERSION = YES;
				GCC_WARN_ABOUT_RETURN_TYPE = YES_ERROR;
				GCC_WARN_UNDECLARED_SELECTOR = YES;
				GCC_WARN_UNINITIALIZED_AUTOS = YES_AGGRESSIVE;
				GCC_WARN_UNUSED_FUNCTION = YES;
				GCC_WARN_UNUSED_VARIABLE = YES;
				IPHONEOS_DEPLOYMENT_TARGET = 13.1;
				MTL_ENABLE_DEBUG_INFO = NO;
				MTL_FAST_MATH = YES;
				SDKROOT = iphoneos;
				SWIFT_COMPILATION_MODE = wholemodule;
				SWIFT_OPTIMIZATION_LEVEL = "-O";
				VALIDATE_PRODUCT = YES;
			};
			name = Release;
		};
		63F4E8172368E04A00C52D47 /* Debug */ = {
			isa = XCBuildConfiguration;
			baseConfigurationReference = B7F5047FA0520D4CC98BBA3D /* Pods-PiedPipers.debug.xcconfig */;
			buildSettings = {
				ASSETCATALOG_COMPILER_APPICON_NAME = AppIcon;
				CODE_SIGN_STYLE = Automatic;
				DEVELOPMENT_TEAM = MNDVT4LYM2;
				INFOPLIST_FILE = PiedPipers/Info.plist;
				LD_RUNPATH_SEARCH_PATHS = (
					"$(inherited)",
					"@executable_path/Frameworks",
				);
				PRODUCT_BUNDLE_IDENTIFIER = com.greyfull.PiedPipers;
				PRODUCT_NAME = "$(TARGET_NAME)";
				SWIFT_VERSION = 5.0;
				TARGETED_DEVICE_FAMILY = "1,2";
			};
			name = Debug;
		};
		63F4E8182368E04A00C52D47 /* Release */ = {
			isa = XCBuildConfiguration;
			baseConfigurationReference = EEBD9BB258859F7A79987EEF /* Pods-PiedPipers.release.xcconfig */;
			buildSettings = {
				ASSETCATALOG_COMPILER_APPICON_NAME = AppIcon;
				CODE_SIGN_STYLE = Automatic;
				DEVELOPMENT_TEAM = MNDVT4LYM2;
				INFOPLIST_FILE = PiedPipers/Info.plist;
				LD_RUNPATH_SEARCH_PATHS = (
					"$(inherited)",
					"@executable_path/Frameworks",
				);
				PRODUCT_BUNDLE_IDENTIFIER = com.greyfull.PiedPipers;
				PRODUCT_NAME = "$(TARGET_NAME)";
				SWIFT_VERSION = 5.0;
				TARGETED_DEVICE_FAMILY = "1,2";
			};
			name = Release;
		};
		63F4E81A2368E04A00C52D47 /* Debug */ = {
			isa = XCBuildConfiguration;
			baseConfigurationReference = 89DC3482C4DC8880BF2323E5 /* Pods-PiedPipersTests.debug.xcconfig */;
			buildSettings = {
				ALWAYS_EMBED_SWIFT_STANDARD_LIBRARIES = YES;
				BUNDLE_LOADER = "$(TEST_HOST)";
				CODE_SIGN_STYLE = Automatic;
				DEVELOPMENT_TEAM = MNDVT4LYM2;
				INFOPLIST_FILE = PiedPipersTests/Info.plist;
				IPHONEOS_DEPLOYMENT_TARGET = 13.1;
				LD_RUNPATH_SEARCH_PATHS = (
					"$(inherited)",
					"@executable_path/Frameworks",
					"@loader_path/Frameworks",
				);
				PRODUCT_BUNDLE_IDENTIFIER = com.greyfull.PiedPipersTests;
				PRODUCT_NAME = "$(TARGET_NAME)";
				SWIFT_VERSION = 5.0;
				TARGETED_DEVICE_FAMILY = "1,2";
				TEST_HOST = "$(BUILT_PRODUCTS_DIR)/PiedPipers.app/PiedPipers";
			};
			name = Debug;
		};
		63F4E81B2368E04A00C52D47 /* Release */ = {
			isa = XCBuildConfiguration;
			baseConfigurationReference = BB656504F0920BB5058C1E37 /* Pods-PiedPipersTests.release.xcconfig */;
			buildSettings = {
				ALWAYS_EMBED_SWIFT_STANDARD_LIBRARIES = YES;
				BUNDLE_LOADER = "$(TEST_HOST)";
				CODE_SIGN_STYLE = Automatic;
				DEVELOPMENT_TEAM = MNDVT4LYM2;
				INFOPLIST_FILE = PiedPipersTests/Info.plist;
				IPHONEOS_DEPLOYMENT_TARGET = 13.1;
				LD_RUNPATH_SEARCH_PATHS = (
					"$(inherited)",
					"@executable_path/Frameworks",
					"@loader_path/Frameworks",
				);
				PRODUCT_BUNDLE_IDENTIFIER = com.greyfull.PiedPipersTests;
				PRODUCT_NAME = "$(TARGET_NAME)";
				SWIFT_VERSION = 5.0;
				TARGETED_DEVICE_FAMILY = "1,2";
				TEST_HOST = "$(BUILT_PRODUCTS_DIR)/PiedPipers.app/PiedPipers";
			};
			name = Release;
		};
/* End XCBuildConfiguration section */

/* Begin XCConfigurationList section */
		63F4E7F22368E04700C52D47 /* Build configuration list for PBXProject "PiedPipers" */ = {
			isa = XCConfigurationList;
			buildConfigurations = (
				63F4E8142368E04A00C52D47 /* Debug */,
				63F4E8152368E04A00C52D47 /* Release */,
			);
			defaultConfigurationIsVisible = 0;
			defaultConfigurationName = Release;
		};
		63F4E8162368E04A00C52D47 /* Build configuration list for PBXNativeTarget "PiedPipers" */ = {
			isa = XCConfigurationList;
			buildConfigurations = (
				63F4E8172368E04A00C52D47 /* Debug */,
				63F4E8182368E04A00C52D47 /* Release */,
			);
			defaultConfigurationIsVisible = 0;
			defaultConfigurationName = Release;
		};
		63F4E8192368E04A00C52D47 /* Build configuration list for PBXNativeTarget "PiedPipersTests" */ = {
			isa = XCConfigurationList;
			buildConfigurations = (
				63F4E81A2368E04A00C52D47 /* Debug */,
				63F4E81B2368E04A00C52D47 /* Release */,
			);
			defaultConfigurationIsVisible = 0;
			defaultConfigurationName = Release;
		};
/* End XCConfigurationList section */
	};
	rootObject = 63F4E7EF2368E04700C52D47 /* Project object */;
}
